
Microsoft Visual Studio Solution File, Format Version 12.00
# Visual Studio Version 16
VisualStudioVersion = 16.0.31105.61
MinimumVisualStudioVersion = 10.0.40219.1
Project("{FAE04EC0-301F-11D3-BF4B-00C04F79EFBC}") = "Prueba4.Android", "Prueba4.Android\Prueba4.Android.csproj", "{545402E2-9CD5-479A-B962-C6767F17122A}"
EndProject
Project("{FAE04EC0-301F-11D3-BF4B-00C04F79EFBC}") = "Prueba4.iOS", "Prueba4.iOS\Prueba4.iOS.csproj", "{EFFC0E2E-B95C-409D-AC31-44306931B288}"
EndProject
Project("{FAE04EC0-301F-11D3-BF4B-00C04F79EFBC}") = "Prueba4", "Prueba4\Prueba4.csproj", "{58AE8530-C90C-48AB-A5AF-22204D9DC029}"
EndProject
Global
	GlobalSection(SolutionConfigurationPlatforms) = preSolution
		Debug|Any CPU = Debug|Any CPU
		Debug|iPhone = Debug|iPhone
		Debug|iPhoneSimulator = Debug|iPhoneSimulator
		Release|Any CPU = Release|Any CPU
		Release|iPhone = Release|iPhone
		Release|iPhoneSimulator = Release|iPhoneSimulator
	EndGlobalSection
	GlobalSection(ProjectConfigurationPlatforms) = postSolution
		{545402E2-9CD5-479A-B962-C6767F17122A}.Debug|Any CPU.ActiveCfg = Debug|Any CPU
		{545402E2-9CD5-479A-B962-C6767F17122A}.Debug|Any CPU.Build.0 = Debug|Any CPU
		{545402E2-9CD5-479A-B962-C6767F17122A}.Debug|Any CPU.Deploy.0 = Debug|Any CPU
		{545402E2-9CD5-479A-B962-C6767F17122A}.Debug|iPhone.ActiveCfg = Debug|Any CPU
		{545402E2-9CD5-479A-B962-C6767F17122A}.Debug|iPhone.Build.0 = Debug|Any CPU
		{545402E2-9CD5-479A-B962-C6767F17122A}.Debug|iPhone.Deploy.0 = Debug|Any CPU
		{545402E2-9CD5-479A-B962-C6767F17122A}.Debug|iPhoneSimulator.ActiveCfg = Debug|Any CPU
		{545402E2-9CD5-479A-B962-C6767F17122A}.Debug|iPhoneSimulator.Build.0 = Debug|Any CPU
		{545402E2-9CD5-479A-B962-C6767F17122A}.Debug|iPhoneSimulator.Deploy.0 = Debug|Any CPU
		{545402E2-9CD5-479A-B962-C6767F17122A}.Release|Any CPU.ActiveCfg = Release|Any CPU
		{545402E2-9CD5-479A-B962-C6767F17122A}.Release|Any CPU.Build.0 = Release|Any CPU
		{545402E2-9CD5-479A-B962-C6767F17122A}.Release|Any CPU.Deploy.0 = Release|Any CPU
		{545402E2-9CD5-479A-B962-C6767F17122A}.Release|iPhone.ActiveCfg = Release|Any CPU
		{545402E2-9CD5-479A-B962-C6767F17122A}.Release|iPhone.Build.0 = Release|Any CPU
		{545402E2-9CD5-479A-B962-C6767F17122A}.Release|iPhone.Deploy.0 = Release|Any CPU
		{545402E2-9CD5-479A-B962-C6767F17122A}.Release|iPhoneSimulator.ActiveCfg = Release|Any CPU
		{545402E2-9CD5-479A-B962-C6767F17122A}.Release|iPhoneSimulator.Build.0 = Release|Any CPU
		{545402E2-9CD5-479A-B962-C6767F17122A}.Release|iPhoneSimulator.Deploy.0 = Release|Any CPU
		{EFFC0E2E-B95C-409D-AC31-44306931B288}.Debug|Any CPU.ActiveCfg = Debug|iPhone
		{EFFC0E2E-B95C-409D-AC31-44306931B288}.Debug|Any CPU.Build.0 = Debug|iPhone
		{EFFC0E2E-B95C-409D-AC31-44306931B288}.Debug|Any CPU.Deploy.0 = Debug|iPhone
		{EFFC0E2E-B95C-409D-AC31-44306931B288}.Debug|iPhone.ActiveCfg = Debug|iPhone
		{EFFC0E2E-B95C-409D-AC31-44306931B288}.Debug|iPhone.Build.0 = Debug|iPhone
		{EFFC0E2E-B95C-409D-AC31-44306931B288}.Debug|iPhone.Deploy.0 = Debug|iPhone
		{EFFC0E2E-B95C-409D-AC31-44306931B288}.Debug|iPhoneSimulator.ActiveCfg = Debug|iPhoneSimulator
		{EFFC0E2E-B95C-409D-AC31-44306931B288}.Debug|iPhoneSimulator.Build.0 = Debug|iPhoneSimulator
		{EFFC0E2E-B95C-409D-AC31-44306931B288}.Debug|iPhoneSimulator.Deploy.0 = Debug|iPhoneSimulator
		{EFFC0E2E-B95C-409D-AC31-44306931B288}.Release|Any CPU.ActiveCfg = Release|iPhoneSimulator
		{EFFC0E2E-B95C-409D-AC31-44306931B288}.Release|Any CPU.Build.0 = Release|iPhoneSimulator
		{EFFC0E2E-B95C-409D-AC31-44306931B288}.Release|Any CPU.Deploy.0 = Release|iPhoneSimulator
		{EFFC0E2E-B95C-409D-AC31-44306931B288}.Release|iPhone.ActiveCfg = Release|iPhone
		{EFFC0E2E-B95C-409D-AC31-44306931B288}.Release|iPhone.Build.0 = Release|iPhone
		{EFFC0E2E-B95C-409D-AC31-44306931B288}.Release|iPhone.Deploy.0 = Release|iPhone
		{EFFC0E2E-B95C-409D-AC31-44306931B288}.Release|iPhoneSimulator.ActiveCfg = Release|iPhoneSimulator
		{EFFC0E2E-B95C-409D-AC31-44306931B288}.Release|iPhoneSimulator.Build.0 = Release|iPhoneSimulator
		{EFFC0E2E-B95C-409D-AC31-44306931B288}.Release|iPhoneSimulator.Deploy.0 = Release|iPhoneSimulator
		{58AE8530-C90C-48AB-A5AF-22204D9DC029}.Debug|Any CPU.ActiveCfg = Debug|Any CPU
		{58AE8530-C90C-48AB-A5AF-22204D9DC029}.Debug|Any CPU.Build.0 = Debug|Any CPU
		{58AE8530-C90C-48AB-A5AF-22204D9DC029}.Debug|Any CPU.Deploy.0 = Debug|Any CPU
		{58AE8530-C90C-48AB-A5AF-22204D9DC029}.Debug|iPhone.ActiveCfg = Debug|Any CPU
		{58AE8530-C90C-48AB-A5AF-22204D9DC029}.Debug|iPhone.Build.0 = Debug|Any CPU
		{58AE8530-C90C-48AB-A5AF-22204D9DC029}.Debug|iPhone.Deploy.0 = Debug|Any CPU
		{58AE8530-C90C-48AB-A5AF-22204D9DC029}.Debug|iPhoneSimulator.ActiveCfg = Debug|Any CPU
		{58AE8530-C90C-48AB-A5AF-22204D9DC029}.Debug|iPhoneSimulator.Build.0 = Debug|Any CPU
		{58AE8530-C90C-48AB-A5AF-22204D9DC029}.Debug|iPhoneSimulator.Deploy.0 = Debug|Any CPU
		{58AE8530-C90C-48AB-A5AF-22204D9DC029}.Release|Any CPU.ActiveCfg = Release|Any CPU
		{58AE8530-C90C-48AB-A5AF-22204D9DC029}.Release|Any CPU.Build.0 = Release|Any CPU
		{58AE8530-C90C-48AB-A5AF-22204D9DC029}.Release|Any CPU.Deploy.0 = Release|Any CPU
		{58AE8530-C90C-48AB-A5AF-22204D9DC029}.Release|iPhone.ActiveCfg = Release|Any CPU
		{58AE8530-C90C-48AB-A5AF-22204D9DC029}.Release|iPhone.Build.0 = Release|Any CPU
		{58AE8530-C90C-48AB-A5AF-22204D9DC029}.Release|iPhone.Deploy.0 = Release|Any CPU
		{58AE8530-C90C-48AB-A5AF-22204D9DC029}.Release|iPhoneSimulator.ActiveCfg = Release|Any CPU
		{58AE8530-C90C-48AB-A5AF-22204D9DC029}.Release|iPhoneSimulator.Build.0 = Release|Any CPU
		{58AE8530-C90C-48AB-A5AF-22204D9DC029}.Release|iPhoneSimulator.Deploy.0 = Release|Any CPU
	EndGlobalSection
	GlobalSection(SolutionProperties) = preSolution
		HideSolutionNode = FALSE
	EndGlobalSection
	GlobalSection(ExtensibilityGlobals) = postSolution
		SolutionGuid = {038DCB6B-4AE0-4E8D-8894-F633EB039211}
	EndGlobalSection
EndGlobal
